
Microsoft Visual Studio Solution File, Format Version 12.00
# Visual Studio Version 16
VisualStudioVersion = 16.0.29519.87
MinimumVisualStudioVersion = 10.0.40219.1
Project("{9A19103F-16F7-4668-BE54-9A1E7A4F7556}") = "Aoc2019Net", "Aoc2019Net\Aoc2019Net.csproj", "{C8654A69-018C-4F2E-9F41-D57C5E800592}"
EndProject
Project("{FAE04EC0-301F-11D3-BF4B-00C04F79EFBC}") = "Aoc2019Net.Tests", "Aoc2019Net.Tests\Aoc2019Net.Tests.csproj", "{510C761D-2173-4A4B-B037-93305D3C4D51}"
EndProject
Global
	GlobalSection(SolutionConfigurationPlatforms) = preSolution
		Debug|Any CPU = Debug|Any CPU
		Release|Any CPU = Release|Any CPU
	EndGlobalSection
	GlobalSection(ProjectConfigurationPlatforms) = postSolution
		{C8654A69-018C-4F2E-9F41-D57C5E800592}.Debug|Any CPU.ActiveCfg = Debug|Any CPU
		{C8654A69-018C-4F2E-9F41-D57C5E800592}.Debug|Any CPU.Build.0 = Debug|Any CPU
		{C8654A69-018C-4F2E-9F41-D57C5E800592}.Release|Any CPU.ActiveCfg = Release|Any CPU
		{C8654A69-018C-4F2E-9F41-D57C5E800592}.Release|Any CPU.Build.0 = Release|Any CPU
		{510C761D-2173-4A4B-B037-93305D3C4D51}.Debug|Any CPU.ActiveCfg = Debug|Any CPU
		{510C761D-2173-4A4B-B037-93305D3C4D51}.Debug|Any CPU.Build.0 = Debug|Any CPU
		{510C761D-2173-4A4B-B037-93305D3C4D51}.Release|Any CPU.ActiveCfg = Release|Any CPU
		{510C761D-2173-4A4B-B037-93305D3C4D51}.Release|Any CPU.Build.0 = Release|Any CPU
	EndGlobalSection
	GlobalSection(SolutionProperties) = preSolution
		HideSolutionNode = FALSE
	EndGlobalSection
	GlobalSection(ExtensibilityGlobals) = postSolution
		SolutionGuid = {7AEBE4EA-1767-45ED-BE0C-4DB64B931284}
	EndGlobalSection
EndGlobal
